
Microsoft Visual Studio Solution File, Format Version 12.00
# Visual Studio Version 17
VisualStudioVersion = 17.14.37710.0
MinimumVisualStudioVersion = 10.0.40219.1
Project("{2150E333-8FDC-42A3-9474-1A3956D46DE8}") = "Task0", "Task0", "{02EA681E-C7D8-13C7-8484-4AC65E1B71E8}"
EndProject
Project("{FAE04EC0-301F-11D3-BF4B-00C04F79EFBC}") = "Tyuiu.TatarinovDA.Sprint1.Task0.V29", "Tyuiu.TatarinovDA.Sprint1.Task0.V29\Tyuiu.TatarinovDA.Sprint1.Task0.V29.csproj", "{341F5B4D-6BC6-407E-AFCC-C3D0449C042E}"
EndProject
Project("{FAE04EC0-301F-11D3-BF4B-00C04F79EFBC}") = "Tyuiu.TatarinovDA.Sprint1.Task0.V29.Lib", "Tyuiu.TatarinovDA.Sprint1.Task0.V29.Lib\Tyuiu.TatarinovDA.Sprint1.Task0.V29.Lib.csproj", "{F5A569B7-837F-4840-A149-8575E17EDFC0}"
EndProject
Project("{FAE04EC0-301F-11D3-BF4B-00C04F79EFBC}") = "Tyuiu.TatarinovDA.Sprint1.Task0.V29.Test", "Tyuiu.TatarinovDA.Sprint1.Task0.V29.Test\Tyuiu.TatarinovDA.Sprint1.Task0.V29.Test.csproj", "{2735FCF7-81EA-4B39-B03F-72628CDAE00D}"
EndProject
Project("{2150E333-8FDC-42A3-9474-1A3956D46DE8}") = "Task1", "Task1", "{59CF795D-2410-4F8E-8D20-84D6136122AA}"
EndProject
Project("{FAE04EC0-301F-11D3-BF4B-00C04F79EFBC}") = "Tyuiu.TatarinovDA.Sprint1.Task1.V27", "Tyuiu.TatarinovDA.Sprint1.Task1.V27\Tyuiu.TatarinovDA.Sprint1.Task1.V27.csproj", "{02396139-E56D-4D6A-BC52-C1DCD1776CAF}"
EndProject
Project("{FAE04EC0-301F-11D3-BF4B-00C04F79EFBC}") = "Tyuiu.TatarinovDA.Sprint1.Task1.V27.Lib", "Tyuiu.TatarinovDA.Sprint1.Task1.V27.Lib\Tyuiu.TatarinovDA.Sprint1.Task1.V27.Lib.csproj", "{F056F904-6A50-45E2-BBCA-8A40B748FBBA}"
EndProject
Project("{FAE04EC0-301F-11D3-BF4B-00C04F79EFBC}") = "Tyuiu.TatarinovDA.Sprint1.Task1.V27.Test", "Tyuiu.TatarinovDA.Sprint1.Task1.V27.Test\Tyuiu.TatarinovDA.Sprint1.Task1.V27.Test.csproj", "{1BCD1C56-1AF7-4E17-B25A-7B44350C6A09}"
EndProject
Project("{2150E333-8FDC-42A3-9474-1A3956D46DE8}") = "Task2", "Task2", "{9B0F1C2F-1448-4821-808A-DF093CA6C4C8}"
EndProject
Project("{FAE04EC0-301F-11D3-BF4B-00C04F79EFBC}") = "Tyuiu.TatarinovDA.Sprint1.Task2.V24", "Tyuiu.TatarinovDA.Sprint1.Task2.V24\Tyuiu.TatarinovDA.Sprint1.Task2.V24.csproj", "{ACEBBB32-D2E3-4C4D-AF89-809EBE6D2EA0}"
EndProject
Project("{FAE04EC0-301F-11D3-BF4B-00C04F79EFBC}") = "Tyuiu.TatarinovDA.Sprint1.Task2.V24.Lib", "Tyuiu.TatarinovDA.Sprint1.Task2.V24.Lib\Tyuiu.TatarinovDA.Sprint1.Task2.V24.Lib.csproj", "{5A6AB694-9C48-4557-86D1-2253F93BE49E}"
EndProject
Project("{FAE04EC0-301F-11D3-BF4B-00C04F79EFBC}") = "Tyuiu.TatarinovDA.Sprint1.Task2.V24.Test", "Tyuiu.TatarinovDA.Sprint1.Task2.V24.Test\Tyuiu.TatarinovDA.Sprint1.Task2.V24.Test.csproj", "{04668926-322B-4B38-B257-ED6633BF3EF3}"
EndProject
Project("{2150E333-8FDC-42A3-9474-1A3956D46DE8}") = "Task3", "Task3", "{B21748E4-109C-4246-A9B8-D6CA74A96AF2}"
EndProject
Project("{FAE04EC0-301F-11D3-BF4B-00C04F79EFBC}") = "Tyuiu.TatarinovDA.Sprint1.Task3.V17", "Tyuiu.TatarinovDA.Sprint1.Task3.V17\Tyuiu.TatarinovDA.Sprint1.Task3.V17.csproj", "{DF7B466C-F4EE-4F17-B6E1-39C430605171}"
EndProject
Project("{FAE04EC0-301F-11D3-BF4B-00C04F79EFBC}") = "Tyuiu.TatarinovDA.Sprint1.Task3.V17.Lib", "Tyuiu.TatarinovDA.Sprint1.Task3.V17.Lib\Tyuiu.TatarinovDA.Sprint1.Task3.V17.Lib.csproj", "{AD6674A1-8449-4915-AAF2-5688DD6C33BB}"
EndProject
Project("{FAE04EC0-301F-11D3-BF4B-00C04F79EFBC}") = "Tyuiu.TatarinovDA.Sprint1.Task3.V17.Test", "Tyuiu.TatarinovDA.Sprint1.Task3.V17.Test\Tyuiu.TatarinovDA.Sprint1.Task3.V17.Test.csproj", "{E3AA5F1F-C6FF-4AE6-8766-08C3CED30EBC}"
EndProject
Project("{2150E333-8FDC-42A3-9474-1A3956D46DE8}") = "Task4", "Task4", "{DBC37DB6-FBE9-4C2F-ACB8-A5836ED11FC1}"
EndProject
Project("{FAE04EC0-301F-11D3-BF4B-00C04F79EFBC}") = "Tyuiu.TatarinovDA.Sprint1.Task4.V25", "Tyuiu.TatarinovDA.Sprint1.Task4.V25\Tyuiu.TatarinovDA.Sprint1.Task4.V25.csproj", "{0314341F-51ED-4947-B60C-09DB5DF582AB}"
EndProject
Project("{FAE04EC0-301F-11D3-BF4B-00C04F79EFBC}") = "Tyuiu.TatarinovDA.Sprint1.Task4.V25.Lib", "Tyuiu.TatarinovDA.Sprint1.Task4.V25.Lib\Tyuiu.TatarinovDA.Sprint1.Task4.V25.Lib.csproj", "{95F64D3A-313E-4332-83C0-535EC2F69169}"
EndProject
Project("{FAE04EC0-301F-11D3-BF4B-00C04F79EFBC}") = "Tyuiu.TatarinovDA.Sprint1.Task4.V25.Test", "Tyuiu.TatarinovDA.Sprint1.Task4.V25.Test\Tyuiu.TatarinovDA.Sprint1.Task4.V25.Test.csproj", "{FA02D9E3-CBE3-4B9B-A477-2156194CEACB}"
EndProject
Project("{2150E333-8FDC-42A3-9474-1A3956D46DE8}") = "Task5", "Task5", "{5C8A2904-D828-477E-BA77-2C5839D7484B}"
EndProject
Project("{FAE04EC0-301F-11D3-BF4B-00C04F79EFBC}") = "Tyuiu.TatarinovDA.Sprint1.Task5.V6", "Tyuiu.TatarinovDA.Sprint1.Task5.V6\Tyuiu.TatarinovDA.Sprint1.Task5.V6.csproj", "{F7C5581A-1AD9-467F-930D-3F9F366E540B}"
EndProject
Project("{FAE04EC0-301F-11D3-BF4B-00C04F79EFBC}") = "Tyuiu.TatarinovDA.Sprint1.Task5.V6.Test", "Tyuiu.TatarinovDA.Sprint1.Task5.V6.Test\Tyuiu.TatarinovDA.Sprint1.Task5.V6.Test.csproj", "{67F34798-5F9A-4A24-AF53-5EF4C0543F87}"
EndProject
Project("{FAE04EC0-301F-11D3-BF4B-00C04F79EFBC}") = "Tyuiu.TatarinovDA.Sprint1.Task5.V6.Lib", "Tyuiu.TatarinovDA.Sprint1.Task5.V6.Lib\Tyuiu.TatarinovDA.Sprint1.Task5.V6.Lib.csproj", "{86B78E58-3503-4256-A7EC-CE286ECFA217}"
EndProject
Project("{2150E333-8FDC-42A3-9474-1A3956D46DE8}") = "Task6", "Task6", "{C415D2B5-7FD2-4C67-9887-C382AAD5FC90}"
EndProject
Project("{FAE04EC0-301F-11D3-BF4B-00C04F79EFBC}") = "Tyuiu.TatarinovDA.Sprint1.Task6.V1", "Tyuiu.TatarinovDA.Sprint1.Task6.V1\Tyuiu.TatarinovDA.Sprint1.Task6.V1.csproj", "{C230D81F-AC66-46AE-8BDC-1CBEE0193B87}"
EndProject
Project("{FAE04EC0-301F-11D3-BF4B-00C04F79EFBC}") = "Tyuiu.TatarinovDA.Sprint1.Task6.V1.Lib", "Tyuiu.TatarinovDA.Sprint1.Task6.V1.Lib\Tyuiu.TatarinovDA.Sprint1.Task6.V1.Lib.csproj", "{93D352F6-397F-4112-825E-C6ED028153A0}"
EndProject
Project("{FAE04EC0-301F-11D3-BF4B-00C04F79EFBC}") = "Tyuiu.TatarinovDA.Sprint1.Task6.V1.Test", "Tyuiu.TatarinovDA.Sprint1.Task6.V1.Test\Tyuiu.TatarinovDA.Sprint1.Task6.V1.Test.csproj", "{CE7204AE-221B-48D4-919C-45CB6006C03F}"
EndProject
Global
	GlobalSection(SolutionConfigurationPlatforms) = preSolution
		Debug|Any CPU = Debug|Any CPU
		Release|Any CPU = Release|Any CPU
	EndGlobalSection
	GlobalSection(ProjectConfigurationPlatforms) = postSolution
		{341F5B4D-6BC6-407E-AFCC-C3D0449C042E}.Debug|Any CPU.ActiveCfg = Debug|Any CPU
		{341F5B4D-6BC6-407E-AFCC-C3D0449C042E}.Debug|Any CPU.Build.0 = Debug|Any CPU
		{341F5B4D-6BC6-407E-AFCC-C3D0449C042E}.Release|Any CPU.ActiveCfg = Release|Any CPU
		{341F5B4D-6BC6-407E-AFCC-C3D0449C042E}.Release|Any CPU.Build.0 = Release|Any CPU
		{F5A569B7-837F-4840-A149-8575E17EDFC0}.Debug|Any CPU.ActiveCfg = Debug|Any CPU
		{F5A569B7-837F-4840-A149-8575E17EDFC0}.Debug|Any CPU.Build.0 = Debug|Any CPU
		{F5A569B7-837F-4840-A149-8575E17EDFC0}.Release|Any CPU.ActiveCfg = Release|Any CPU
		{F5A569B7-837F-4840-A149-8575E17EDFC0}.Release|Any CPU.Build.0 = Release|Any CPU
		{2735FCF7-81EA-4B39-B03F-72628CDAE00D}.Debug|Any CPU.ActiveCfg = Debug|Any CPU
		{2735FCF7-81EA-4B39-B03F-72628CDAE00D}.Debug|Any CPU.Build.0 = Debug|Any CPU
		{2735FCF7-81EA-4B39-B03F-72628CDAE00D}.Release|Any CPU.ActiveCfg = Release|Any CPU
		{2735FCF7-81EA-4B39-B03F-72628CDAE00D}.Release|Any CPU.Build.0 = Release|Any CPU
		{02396139-E56D-4D6A-BC52-C1DCD1776CAF}.Debug|Any CPU.ActiveCfg = Debug|Any CPU
		{02396139-E56D-4D6A-BC52-C1DCD1776CAF}.Debug|Any CPU.Build.0 = Debug|Any CPU
		{02396139-E56D-4D6A-BC52-C1DCD1776CAF}.Release|Any CPU.ActiveCfg = Release|Any CPU
		{02396139-E56D-4D6A-BC52-C1DCD1776CAF}.Release|Any CPU.Build.0 = Release|Any CPU
		{F056F904-6A50-45E2-BBCA-8A40B748FBBA}.Debug|Any CPU.ActiveCfg = Debug|Any CPU
		{F056F904-6A50-45E2-BBCA-8A40B748FBBA}.Debug|Any CPU.Build.0 = Debug|Any CPU
		{F056F904-6A50-45E2-BBCA-8A40B748FBBA}.Release|Any CPU.ActiveCfg = Release|Any CPU
		{F056F904-6A50-45E2-BBCA-8A40B748FBBA}.Release|Any CPU.Build.0 = Release|Any CPU
		{1BCD1C56-1AF7-4E17-B25A-7B44350C6A09}.Debug|Any CPU.ActiveCfg = Debug|Any CPU
		{1BCD1C56-1AF7-4E17-B25A-7B44350C6A09}.Debug|Any CPU.Build.0 = Debug|Any CPU
		{1BCD1C56-1AF7-4E17-B25A-7B44350C6A09}.Release|Any CPU.ActiveCfg = Release|Any CPU
		{1BCD1C56-1AF7-4E17-B25A-7B44350C6A09}.Release|Any CPU.Build.0 = Release|Any CPU
		{ACEBBB32-D2E3-4C4D-AF89-809EBE6D2EA0}.Debug|Any CPU.ActiveCfg = Debug|Any CPU
		{ACEBBB32-D2E3-4C4D-AF89-809EBE6D2EA0}.Debug|Any CPU.Build.0 = Debug|Any CPU
		{ACEBBB32-D2E3-4C4D-AF89-809EBE6D2EA0}.Release|Any CPU.ActiveCfg = Release|Any CPU
		{ACEBBB32-D2E3-4C4D-AF89-809EBE6D2EA0}.Release|Any CPU.Build.0 = Release|Any CPU
		{5A6AB694-9C48-4557-86D1-2253F93BE49E}.Debug|Any CPU.ActiveCfg = Debug|Any CPU
		{5A6AB694-9C48-4557-86D1-2253F93BE49E}.Debug|Any CPU.Build.0 = Debug|Any CPU
		{5A6AB694-9C48-4557-86D1-2253F93BE49E}.Release|Any CPU.ActiveCfg = Release|Any CPU
		{5A6AB694-9C48-4557-86D1-2253F93BE49E}.Release|Any CPU.Build.0 = Release|Any CPU
		{04668926-322B-4B38-B257-ED6633BF3EF3}.Debug|Any CPU.ActiveCfg = Debug|Any CPU
		{04668926-322B-4B38-B257-ED6633BF3EF3}.Debug|Any CPU.Build.0 = Debug|Any CPU
		{04668926-322B-4B38-B257-ED6633BF3EF3}.Release|Any CPU.ActiveCfg = Release|Any CPU
		{04668926-322B-4B38-B257-ED6633BF3EF3}.Release|Any CPU.Build.0 = Release|Any CPU
		{DF7B466C-F4EE-4F17-B6E1-39C430605171}.Debug|Any CPU.ActiveCfg = Debug|Any CPU
		{DF7B466C-F4EE-4F17-B6E1-39C430605171}.Debug|Any CPU.Build.0 = Debug|Any CPU
		{DF7B466C-F4EE-4F17-B6E1-39C430605171}.Release|Any CPU.ActiveCfg = Release|Any CPU
		{DF7B466C-F4EE-4F17-B6E1-39C430605171}.Release|Any CPU.Build.0 = Release|Any CPU
		{AD6674A1-8449-4915-AAF2-5688DD6C33BB}.Debug|Any CPU.ActiveCfg = Debug|Any CPU
		{AD6674A1-8449-4915-AAF2-5688DD6C33BB}.Debug|Any CPU.Build.0 = Debug|Any CPU
		{AD6674A1-8449-4915-AAF2-5688DD6C33BB}.Release|Any CPU.ActiveCfg = Release|Any CPU
		{AD6674A1-8449-4915-AAF2-5688DD6C33BB}.Release|Any CPU.Build.0 = Release|Any CPU
		{E3AA5F1F-C6FF-4AE6-8766-08C3CED30EBC}.Debug|Any CPU.ActiveCfg = Debug|Any CPU
		{E3AA5F1F-C6FF-4AE6-8766-08C3CED30EBC}.Debug|Any CPU.Build.0 = Debug|Any CPU
		{E3AA5F1F-C6FF-4AE6-8766-08C3CED30EBC}.Release|Any CPU.ActiveCfg = Release|Any CPU
		{E3AA5F1F-C6FF-4AE6-8766-08C3CED30EBC}.Release|Any CPU.Build.0 = Release|Any CPU
		{0314341F-51ED-4947-B60C-09DB5DF582AB}.Debug|Any CPU.ActiveCfg = Debug|Any CPU
		{0314341F-51ED-4947-B60C-09DB5DF582AB}.Debug|Any CPU.Build.0 = Debug|Any CPU
		{0314341F-51ED-4947-B60C-09DB5DF582AB}.Release|Any CPU.ActiveCfg = Release|Any CPU
		{0314341F-51ED-4947-B60C-09DB5DF582AB}.Release|Any CPU.Build.0 = Release|Any CPU
		{95F64D3A-313E-4332-83C0-535EC2F69169}.Debug|Any CPU.ActiveCfg = Debug|Any CPU
		{95F64D3A-313E-4332-83C0-535EC2F69169}.Debug|Any CPU.Build.0 = Debug|Any CPU
		{95F64D3A-313E-4332-83C0-535EC2F69169}.Release|Any CPU.ActiveCfg = Release|Any CPU
		{95F64D3A-313E-4332-83C0-535EC2F69169}.Release|Any CPU.Build.0 = Release|Any CPU
		{FA02D9E3-CBE3-4B9B-A477-2156194CEACB}.Debug|Any CPU.ActiveCfg = Debug|Any CPU
		{FA02D9E3-CBE3-4B9B-A477-2156194CEACB}.Debug|Any CPU.Build.0 = Debug|Any CPU
		{FA02D9E3-CBE3-4B9B-A477-2156194CEACB}.Release|Any CPU.ActiveCfg = Release|Any CPU
		{FA02D9E3-CBE3-4B9B-A477-2156194CEACB}.Release|Any CPU.Build.0 = Release|Any CPU
		{F7C5581A-1AD9-467F-930D-3F9F366E540B}.Debug|Any CPU.ActiveCfg = Debug|Any CPU
		{F7C5581A-1AD9-467F-930D-3F9F366E540B}.Debug|Any CPU.Build.0 = Debug|Any CPU
		{F7C5581A-1AD9-467F-930D-3F9F366E540B}.Release|Any CPU.ActiveCfg = Release|Any CPU
		{F7C5581A-1AD9-467F-930D-3F9F366E540B}.Release|Any CPU.Build.0 = Release|Any CPU
		{67F34798-5F9A-4A24-AF53-5EF4C0543F87}.Debug|Any CPU.ActiveCfg = Debug|Any CPU
		{67F34798-5F9A-4A24-AF53-5EF4C0543F87}.Debug|Any CPU.Build.0 = Debug|Any CPU
		{67F34798-5F9A-4A24-AF53-5EF4C0543F87}.Release|Any CPU.ActiveCfg = Release|Any CPU
		{67F34798-5F9A-4A24-AF53-5EF4C0543F87}.Release|Any CPU.Build.0 = Release|Any CPU
		{86B78E58-3503-4256-A7EC-CE286ECFA217}.Debug|Any CPU.ActiveCfg = Debug|Any CPU
		{86B78E58-3503-4256-A7EC-CE286ECFA217}.Debug|Any CPU.Build.0 = Debug|Any CPU
		{86B78E58-3503-4256-A7EC-CE286ECFA217}.Release|Any CPU.ActiveCfg = Release|Any CPU
		{86B78E58-3503-4256-A7EC-CE286ECFA217}.Release|Any CPU.Build.0 = Release|Any CPU
		{C230D81F-AC66-46AE-8BDC-1CBEE0193B87}.Debug|Any CPU.ActiveCfg = Debug|Any CPU
		{C230D81F-AC66-46AE-8BDC-1CBEE0193B87}.Debug|Any CPU.Build.0 = Debug|Any CPU
		{C230D81F-AC66-46AE-8BDC-1CBEE0193B87}.Release|Any CPU.ActiveCfg = Release|Any CPU
		{C230D81F-AC66-46AE-8BDC-1CBEE0193B87}.Release|Any CPU.Build.0 = Release|Any CPU
		{93D352F6-397F-4112-825E-C6ED028153A0}.Debug|Any CPU.ActiveCfg = Debug|Any CPU
		{93D352F6-397F-4112-825E-C6ED028153A0}.Debug|Any CPU.Build.0 = Debug|Any CPU
		{93D352F6-397F-4112-825E-C6ED028153A0}.Release|Any CPU.ActiveCfg = Release|Any CPU
		{93D352F6-397F-4112-825E-C6ED028153A0}.Release|Any CPU.Build.0 = Release|Any CPU
		{CE7204AE-221B-48D4-919C-45CB6006C03F}.Debug|Any CPU.ActiveCfg = Debug|Any CPU
		{CE7204AE-221B-48D4-919C-45CB6006C03F}.Debug|Any CPU.Build.0 = Debug|Any CPU
		{CE7204AE-221B-48D4-919C-45CB6006C03F}.Release|Any CPU.ActiveCfg = Release|Any CPU
		{CE7204AE-221B-48D4-919C-45CB6006C03F}.Release|Any CPU.Build.0 = Release|Any CPU
	EndGlobalSection
	GlobalSection(SolutionProperties) = preSolution
		HideSolutionNode = FALSE
	EndGlobalSection
	GlobalSection(NestedProjects) = preSolution
		{341F5B4D-6BC6-407E-AFCC-C3D0449C042E} = {02EA681E-C7D8-13C7-8484-4AC65E1B71E8}
		{F5A569B7-837F-4840-A149-8575E17EDFC0} = {02EA681E-C7D8-13C7-8484-4AC65E1B71E8}
		{2735FCF7-81EA-4B39-B03F-72628CDAE00D} = {02EA681E-C7D8-13C7-8484-4AC65E1B71E8}
		{02396139-E56D-4D6A-BC52-C1DCD1776CAF} = {59CF795D-2410-4F8E-8D20-84D6136122AA}
		{F056F904-6A50-45E2-BBCA-8A40B748FBBA} = {59CF795D-2410-4F8E-8D20-84D6136122AA}
		{1BCD1C56-1AF7-4E17-B25A-7B44350C6A09} = {59CF795D-2410-4F8E-8D20-84D6136122AA}
		{ACEBBB32-D2E3-4C4D-AF89-809EBE6D2EA0} = {9B0F1C2F-1448-4821-808A-DF093CA6C4C8}
		{5A6AB694-9C48-4557-86D1-2253F93BE49E} = {9B0F1C2F-1448-4821-808A-DF093CA6C4C8}
		{04668926-322B-4B38-B257-ED6633BF3EF3} = {9B0F1C2F-1448-4821-808A-DF093CA6C4C8}
		{DF7B466C-F4EE-4F17-B6E1-39C430605171} = {B21748E4-109C-4246-A9B8-D6CA74A96AF2}
		{AD6674A1-8449-4915-AAF2-5688DD6C33BB} = {B21748E4-109C-4246-A9B8-D6CA74A96AF2}
		{E3AA5F1F-C6FF-4AE6-8766-08C3CED30EBC} = {B21748E4-109C-4246-A9B8-D6CA74A96AF2}
		{0314341F-51ED-4947-B60C-09DB5DF582AB} = {DBC37DB6-FBE9-4C2F-ACB8-A5836ED11FC1}
		{95F64D3A-313E-4332-83C0-535EC2F69169} = {DBC37DB6-FBE9-4C2F-ACB8-A5836ED11FC1}
		{FA02D9E3-CBE3-4B9B-A477-2156194CEACB} = {DBC37DB6-FBE9-4C2F-ACB8-A5836ED11FC1}
		{F7C5581A-1AD9-467F-930D-3F9F366E540B} = {5C8A2904-D828-477E-BA77-2C5839D7484B}
		{67F34798-5F9A-4A24-AF53-5EF4C0543F87} = {5C8A2904-D828-477E-BA77-2C5839D7484B}
		{86B78E58-3503-4256-A7EC-CE286ECFA217} = {5C8A2904-D828-477E-BA77-2C5839D7484B}
		{C230D81F-AC66-46AE-8BDC-1CBEE0193B87} = {C415D2B5-7FD2-4C67-9887-C382AAD5FC90}
		{93D352F6-397F-4112-825E-C6ED028153A0} = {C415D2B5-7FD2-4C67-9887-C382AAD5FC90}
		{CE7204AE-221B-48D4-919C-45CB6006C03F} = {C415D2B5-7FD2-4C67-9887-C382AAD5FC90}
	EndGlobalSection
	GlobalSection(ExtensibilityGlobals) = postSolution
		SolutionGuid = {5B97E65A-09F0-4D22-B2CF-69E70BFF057D}
	EndGlobalSection
EndGlobal
